
Microsoft Visual Studio Solution File, Format Version 12.00
# Visual Studio Version 16
VisualStudioVersion = 16.0.31911.196
MinimumVisualStudioVersion = 10.0.40219.1
Project("{FAE04EC0-301F-11D3-BF4B-00C04F79EFBC}") = "Rent-A-Car-2021", "Rent-A-Car-2021\Rent-A-Car-2021.csproj", "{1E16FA94-E19B-4A48-8166-168958A274F9}"
EndProject
Global
	GlobalSection(SolutionConfigurationPlatforms) = preSolution
		Debug|Any CPU = Debug|Any CPU
		Release|Any CPU = Release|Any CPU
	EndGlobalSection
	GlobalSection(ProjectConfigurationPlatforms) = postSolution
		{1E16FA94-E19B-4A48-8166-168958A274F9}.Debug|Any CPU.ActiveCfg = Debug|Any CPU
		{1E16FA94-E19B-4A48-8166-168958A274F9}.Debug|Any CPU.Build.0 = Debug|Any CPU
		{1E16FA94-E19B-4A48-8166-168958A274F9}.Release|Any CPU.ActiveCfg = Release|Any CPU
		{1E16FA94-E19B-4A48-8166-168958A274F9}.Release|Any CPU.Build.0 = Release|Any CPU
	EndGlobalSection
	GlobalSection(SolutionProperties) = preSolution
		HideSolutionNode = FALSE
	EndGlobalSection
	GlobalSection(ExtensibilityGlobals) = postSolution
		SolutionGuid = {0EE2B1F8-7907-4EB8-9A6D-7A3D4E9F6AC5}
	EndGlobalSection
EndGlobal
